// !$*UTF8*$!
{
	archiveVersion = 1;
	classes = {
	};
	objectVersion = 46;
	objects = {

/* Begin PBXBuildFile section */
		F2654CF21D9810BC00CC746E /* main.m in Sources */ = {isa = PBXBuildFile; fileRef = F2654CF11D9810BC00CC746E /* main.m */; };
		F2654CF51D9810BC00CC746E /* AppDelegate.m in Sources */ = {isa = PBXBuildFile; fileRef = F2654CF41D9810BC00CC746E /* AppDelegate.m */; };
		F2654CF81D9810BC00CC746E /* ViewController.m in Sources */ = {isa = PBXBuildFile; fileRef = F2654CF71D9810BC00CC746E /* ViewController.m */; };
		F2654CFB1D9810BC00CC746E /* Main.storyboard in Resources */ = {isa = PBXBuildFile; fileRef = F2654CF91D9810BC00CC746E /* Main.storyboard */; };
		F2654CFD1D9810BC00CC746E /* Assets.xcassets in Resources */ = {isa = PBXBuildFile; fileRef = F2654CFC1D9810BC00CC746E /* Assets.xcassets */; };
		F2654D001D9810BC00CC746E /* LaunchScreen.storyboard in Resources */ = {isa = PBXBuildFile; fileRef = F2654CFE1D9810BC00CC746E /* LaunchScreen.storyboard */; };
		F482FF91FEE99560133C34A2 /* libPods-loadImageView.a in Frameworks */ = {isa = PBXBuildFile; fileRef = 136F849113D2638F80F5EF97 /* libPods-loadImageView.a */; };
/* End PBXBuildFile section */

/* Begin PBXFileReference section */
		136F849113D2638F80F5EF97 /* libPods-loadImageView.a */ = {isa = PBXFileReference; explicitFileType = archive.ar; includeInIndex = 0; path = "libPods-loadImageView.a"; sourceTree = BUILT_PRODUCTS_DIR; };
		CA3E7135F19AE7E2F0B55E1E /* Pods-loadImageView.debug.xcconfig */ = {isa = PBXFileReference; includeInIndex = 1; lastKnownFileType = text.xcconfig; name = "Pods-loadImageView.debug.xcconfig"; path = "Pods/Target Support Files/Pods-loadImageView/Pods-loadImageView.debug.xcconfig"; sourceTree = "<group>"; };
		F2654CED1D9810BC00CC746E /* loadImageView.app */ = {isa = PBXFileReference; explicitFileType = wrapper.application; includeInIndex = 0; path = loadImageView.app; sourceTree = BUILT_PRODUCTS_DIR; };
		F2654CF11D9810BC00CC746E /* main.m */ = {isa = PBXFileReference; lastKnownFileType = sourcecode.c.objc; path = main.m; sourceTree = "<group>"; };
		F2654CF31D9810BC00CC746E /* AppDelegate.h */ = {isa = PBXFileReference; lastKnownFileType = sourcecode.c.h; path = AppDelegate.h; sourceTree = "<group>"; };
		F2654CF41D9810BC00CC746E /* AppDelegate.m */ = {isa = PBXFileReference; lastKnownFileType = sourcecode.c.objc; path = AppDelegate.m; sourceTree = "<group>"; };
		F2654CF61D9810BC00CC746E /* ViewController.h */ = {isa = PBXFileReference; lastKnownFileType = sourcecode.c.h; path = ViewController.h; sourceTree = "<group>"; };
		F2654CF71D9810BC00CC746E /* ViewController.m */ = {isa = PBXFileReference; lastKnownFileType = sourcecode.c.objc; path = ViewController.m; sourceTree = "<group>"; };
		F2654CFA1D9810BC00CC746E /* Base */ = {isa = PBXFileReference; lastKnownFileType = file.storyboard; name = Base; path = Base.lproj/Main.storyboard; sourceTree = "<group>"; };
		F2654CFC1D9810BC00CC746E /* Assets.xcassets */ = {isa = PBXFileReference; lastKnownFileType = folder.assetcatalog; path = Assets.xcassets; sourceTree = "<group>"; };
		F2654CFF1D9810BC00CC746E /* Base */ = {isa = PBXFileReference; lastKnownFileType = file.storyboard; name = Base; path = Base.lproj/LaunchScreen.storyboard; sourceTree = "<group>"; };
		F2654D011D9810BC00CC746E /* Info.plist */ = {isa = PBXFileReference; lastKnownFileType = text.plist.xml; path = Info.plist; sourceTree = "<group>"; };
		F84C89B64F77381E202433B1 /* Pods-loadImageView.release.xcconfig */ = {isa = PBXFileReference; includeInIndex = 1; lastKnownFileType = text.xcconfig; name = "Pods-loadImageView.release.xcconfig"; path = "Pods/Target Support Files/Pods-loadImageView/Pods-loadImageView.release.xcconfig"; sourceTree = "<group>"; };
/* End PBXFileReference section */

/* Begin PBXFrameworksBuildPhase section */
		F2654CEA1D9810BC00CC746E /* Frameworks */ = {
			isa = PBXFrameworksBuildPhase;
			buildActionMask = 2147483647;
			files = (
				F482FF91FEE99560133C34A2 /* libPods-loadImageView.a in Frameworks */,
			);
			runOnlyForDeploymentPostprocessing = 0;
		};
/* End PBXFrameworksBuildPhase section */

/* Begin PBXGroup section */
		29D0D9BEF75D67032E4046D9 /* Frameworks */ = {
			isa = PBXGroup;
			children = (
				136F849113D2638F80F5EF97 /* libPods-loadImageView.a */,
			);
			name = Frameworks;
			sourceTree = "<group>";
		};
		CC3E65308FBDFFC37033F0C6 /* Pods */ = {
			isa = PBXGroup;
			children = (
				CA3E7135F19AE7E2F0B55E1E /* Pods-loadImageView.debug.xcconfig */,
				F84C89B64F77381E202433B1 /* Pods-loadImageView.release.xcconfig */,
			);
			name = Pods;
			sourceTree = "<group>";
		};
		F2654CE41D9810BC00CC746E = {
			isa = PBXGroup;
			children = (
				F2654CEF1D9810BC00CC746E /* loadImageView */,
				F2654CEE1D9810BC00CC746E /* Products */,
				CC3E65308FBDFFC37033F0C6 /* Pods */,
				29D0D9BEF75D67032E4046D9 /* Frameworks */,
			);
			sourceTree = "<group>";
		};
		F2654CEE1D9810BC00CC746E /* Products */ = {
			isa = PBXGroup;
			children = (
				F2654CED1D9810BC00CC746E /* loadImageView.app */,
			);
			name = Products;
			sourceTree = "<group>";
		};
		F2654CEF1D9810BC00CC746E /* loadImageView */ = {
			isa = PBXGroup;
			children = (
				F2654CF31D9810BC00CC746E /* AppDelegate.h */,
				F2654CF41D9810BC00CC746E /* AppDelegate.m */,
				F2654CF61D9810BC00CC746E /* ViewController.h */,
				F2654CF71D9810BC00CC746E /* ViewController.m */,
				F2654CF91D9810BC00CC746E /* Main.storyboard */,
				F2654CFC1D9810BC00CC746E /* Assets.xcassets */,
				F2654CFE1D9810BC00CC746E /* LaunchScreen.storyboard */,
				F2654D011D9810BC00CC746E /* Info.plist */,
				F2654CF01D9810BC00CC746E /* Supporting Files */,
			);
			path = loadImageView;
			sourceTree = "<group>";
		};
		F2654CF01D9810BC00CC746E /* Supporting Files */ = {
			isa = PBXGroup;
			children = (
				F2654CF11D9810BC00CC746E /* main.m */,
			);
			name = "Supporting Files";
			sourceTree = "<group>";
		};
/* End PBXGroup section */

/* Begin PBXNativeTarget section */
		F2654CEC1D9810BC00CC746E /* loadImageView */ = {
			isa = PBXNativeTarget;
			buildConfigurationList = F2654D041D9810BC00CC746E /* Build configuration list for PBXNativeTarget "loadImageView" */;
			buildPhases = (
				905B82A61737F6C4413E5C75 /* [CP] Check Pods Manifest.lock */,
				F2654CE91D9810BC00CC746E /* Sources */,
				F2654CEA1D9810BC00CC746E /* Frameworks */,
				F2654CEB1D9810BC00CC746E /* Resources */,
				40C1A31D0A45D10CF76F6C22 /* [CP] Embed Pods Frameworks */,
				6AD0B0466ABE27EE4398CF0F /* [CP] Copy Pods Resources */,
			);
			buildRules = (
			);
			dependencies = (
			);
			name = loadImageView;
			productName = loadImageView;
			productReference = F2654CED1D9810BC00CC746E /* loadImageView.app */;
			productType = "com.apple.product-type.application";
		};
/* End PBXNativeTarget section */

/* Begin PBXProject section */
		F2654CE51D9810BC00CC746E /* Project object */ = {
			isa = PBXProject;
			attributes = {
				LastUpgradeCheck = 0800;
				ORGANIZATIONNAME = lhl;
				TargetAttributes = {
					F2654CEC1D9810BC00CC746E = {
						CreatedOnToolsVersion = 8.0;
						DevelopmentTeam = UTT4HQ4F3H;
						ProvisioningStyle = Automatic;
					};
				};
			};
			buildConfigurationList = F2654CE81D9810BC00CC746E /* Build configuration list for PBXProject "loadImageView" */;
			compatibilityVersion = "Xcode 3.2";
			developmentRegion = English;
			hasScannedForEncodings = 0;
			knownRegions = (
				en,
				Base,
			);
			mainGroup = F2654CE41D9810BC00CC746E;
			productRefGroup = F2654CEE1D9810BC00CC746E /* Products */;
			projectDirPath = "";
			projectRoot = "";
			targets = (
				F2654CEC1D9810BC00CC746E /* loadImageView */,
			);
		};
/* End PBXProject section */

/* Begin PBXResourcesBuildPhase section */
		F2654CEB1D9810BC00CC746E /* Resources */ = {
			isa = PBXResourcesBuildPhase;
			buildActionMask = 2147483647;
			files = (
				F2654D001D9810BC00CC746E /* LaunchScreen.storyboard in Resources */,
				F2654CFD1D9810BC00CC746E /* Assets.xcassets in Resources */,
				F2654CFB1D9810BC00CC746E /* Main.storyboard in Resources */,
			);
			runOnlyForDeploymentPostprocessing = 0;
		};
/* End PBXResourcesBuildPhase section */

/* Begin PBXShellScriptBuildPhase section */
		40C1A31D0A45D10CF76F6C22 /* [CP] Embed Pods Frameworks */ = {
			isa = PBXShellScriptBuildPhase;
			buildActionMask = 2147483647;
			files = (
			);
			inputPaths = (
			);
			name = "[CP] Embed Pods Frameworks";
			outputPaths = (
			);
			runOnlyForDeploymentPostprocessing = 0;
			shellPath = /bin/sh;
			shellScript = "\"${SRCROOT}/Pods/Target Support Files/Pods-loadImageView/Pods-loadImageView-frameworks.sh\"\n";
			showEnvVarsInLog = 0;
		};
		6AD0B0466ABE27EE4398CF0F /* [CP] Copy Pods Resources */ = {
			isa = PBXShellScriptBuildPhase;
			buildActionMask = 2147483647;
			files = (
			);
			inputPaths = (
			);
			name = "[CP] Copy Pods Resources";
			outputPaths = (
			);
			runOnlyForDeploymentPostprocessing = 0;
			shellPath = /bin/sh;
			shellScript = "\"${SRCROOT}/Pods/Target Support Files/Pods-loadImageView/Pods-loadImageView-resources.sh\"\n";
			showEnvVarsInLog = 0;
		};
		905B82A61737F6C4413E5C75 /* [CP] Check Pods Manifest.lock */ = {
			isa = PBXShellScriptBuildPhase;
			buildActionMask = 2147483647;
			files = (
			);
			inputPaths = (
			);
			name = "[CP] Check Pods Manifest.lock";
			outputPaths = (
			);
			runOnlyForDeploymentPostprocessing = 0;
			shellPath = /bin/sh;
			shellScript = "diff \"${PODS_ROOT}/../Podfile.lock\" \"${PODS_ROOT}/Manifest.lock\" > /dev/null\nif [[ $? != 0 ]] ; then\n    cat << EOM\nerror: The sandbox is not in sync with the Podfile.lock. Run 'pod install' or update your CocoaPods installation.\nEOM\n    exit 1\nfi\n";
			showEnvVarsInLog = 0;
		};
/* End PBXShellScriptBuildPhase section */

/* Begin PBXSourcesBuildPhase section */
		F2654CE91D9810BC00CC746E /* Sources */ = {
			isa = PBXSourcesBuildPhase;
			buildActionMask = 2147483647;
			files = (
				F2654CF81D9810BC00CC746E /* ViewController.m in Sources */,
				F2654CF51D9810BC00CC746E /* AppDelegate.m in Sources */,
				F2654CF21D9810BC00CC746E /* main.m in Sources */,
			);
			runOnlyForDeploymentPostprocessing = 0;
		};
/* End PBXSourcesBuildPhase section */

/* Begin PBXVariantGroup section */
		F2654CF91D9810BC00CC746E /* Main.storyboard */ = {
			isa = PBXVariantGroup;
			children = (
				F2654CFA1D9810BC00CC746E /* Base */,
			);
			name = Main.storyboard;
			sourceTree = "<group>";
		};
		F2654CFE1D9810BC00CC746E /* LaunchScreen.storyboard */ = {
			isa = PBXVariantGroup;
			children = (
				F2654CFF1D9810BC00CC746E /* Base */,
			);
			name = LaunchScreen.storyboard;
			sourceTree = "<group>";
		};
/* End PBXVariantGroup section */

/* Begin XCBuildConfiguration section */
		F2654D021D9810BC00CC746E /* Debug */ = {
			isa = XCBuildConfiguration;
			buildSettings = {
				ALWAYS_SEARCH_USER_PATHS = NO;
				CLANG_ANALYZER_NONNULL = YES;
				CLANG_CXX_LANGUAGE_STANDARD = "gnu++0x";
				CLANG_CXX_LIBRARY = "libc++";
				CLANG_ENABLE_MODULES = YES;
				CLANG_ENABLE_OBJC_ARC = YES;
				CLANG_WARN_BOOL_CONVERSION = YES;
				CLANG_WARN_CONSTANT_CONVERSION = YES;
				CLANG_WARN_DIRECT_OBJC_ISA_USAGE = YES_ERROR;
				CLANG_WARN_DOCUMENTATION_COMMENTS = YES;
				CLANG_WARN_EMPTY_BODY = YES;
				CLANG_WARN_ENUM_CONVERSION = YES;
				CLANG_WARN_INFINITE_RECURSION = YES;
				CLANG_WARN_INT_CONVERSION = YES;
				CLANG_WARN_OBJC_ROOT_CLASS = YES_ERROR;
				CLANG_WARN_SUSPICIOUS_MOVES = YES;
				CLANG_WARN_UNREACHABLE_CODE = YES;
				CLANG_WARN__DUPLICATE_METHOD_MATCH = YES;
				"CODE_SIGN_IDENTITY[sdk=iphoneos*]" = "iPhone Developer";
				COPY_PHASE_STRIP = NO;
				DEBUG_INFORMATION_FORMAT = dwarf;
				ENABLE_STRICT_OBJC_MSGSEND = YES;
				ENABLE_TESTABILITY = YES;
				GCC_C_LANGUAGE_STANDARD = gnu99;
				GCC_DYNAMIC_NO_PIC = NO;
				GCC_NO_COMMON_BLOCKS = YES;
				GCC_OPTIMIZATION_LEVEL = 0;
				GCC_PREPROCESSOR_DEFINITIONS = (
					"DEBUG=1",
					"$(inherited)",
				);
				GCC_WARN_64_TO_32_BIT_CONVERSION = YES;
				GCC_WARN_ABOUT_RETURN_TYPE = YES_ERROR;
				GCC_WARN_UNDECLARED_SELECTOR = YES;
				GCC_WARN_UNINITIALIZED_AUTOS = YES_AGGRESSIVE;
				GCC_WARN_UNUSED_FUNCTION = YES;
				GCC_WARN_UNUSED_VARIABLE = YES;
				IPHONEOS_DEPLOYMENT_TARGET = 10.0;
				MTL_ENABLE_DEBUG_INFO = YES;
				ONLY_ACTIVE_ARCH = YES;
				SDKROOT = iphoneos;
				TARGETED_DEVICE_FAMILY = "1,2";
			};
			name = Debug;
		};
		F2654D031D9810BC00CC746E /* Release */ = {
			isa = XCBuildConfiguration;
			buildSettings = {
				ALWAYS_SEARCH_USER_PATHS = NO;
				CLANG_ANALYZER_NONNULL = YES;
				CLANG_CXX_LANGUAGE_STANDARD = "gnu++0x";
				CLANG_CXX_LIBRARY = "libc++";
				CLANG_ENABLE_MODULES = YES;
				CLANG_ENABLE_OBJC_ARC = YES;
				CLANG_WARN_BOOL_CONVERSION = YES;
				CLANG_WARN_CONSTANT_CONVERSION = YES;
				CLANG_WARN_DIRECT_OBJC_ISA_USAGE = YES_ERROR;
				CLANG_WARN_DOCUMENTATION_COMMENTS = YES;
				CLANG_WARN_EMPTY_BODY = YES;
				CLANG_WARN_ENUM_CONVERSION = YES;
				CLANG_WARN_INFINITE_RECURSION = YES;
				CLANG_WARN_INT_CONVERSION = YES;
				CLANG_WARN_OBJC_ROOT_CLASS = YES_ERROR;
				CLANG_WARN_SUSPICIOUS_MOVES = YES;
				CLANG_WARN_UNREACHABLE_CODE = YES;
				CLANG_WARN__DUPLICATE_METHOD_MATCH = YES;
				"CODE_SIGN_IDENTITY[sdk=iphoneos*]" = "iPhone Developer";
				COPY_PHASE_STRIP = NO;
				DEBUG_INFORMATION_FORMAT = "dwarf-with-dsym";
				ENABLE_NS_ASSERTIONS = NO;
				ENABLE_STRICT_OBJC_MSGSEND = YES;
				GCC_C_LANGUAGE_STANDARD = gnu99;
				GCC_NO_COMMON_BLOCKS = YES;
				GCC_WARN_64_TO_32_BIT_CONVERSION = YES;
				GCC_WARN_ABOUT_RETURN_TYPE = YES_ERROR;
				GCC_WARN_UNDECLARED_SELECTOR = YES;
				GCC_WARN_UNINITIALIZED_AUTOS = YES_AGGRESSIVE;
				GCC_WARN_UNUSED_FUNCTION = YES;
				GCC_WARN_UNUSED_VARIABLE = YES;
				IPHONEOS_DEPLOYMENT_TARGET = 10.0;
				MTL_ENABLE_DEBUG_INFO = NO;
				SDKROOT = iphoneos;
				TARGETED_DEVICE_FAMILY = "1,2";
				VALIDATE_PRODUCT = YES;
			};
			name = Release;
		};
		F2654D051D9810BC00CC746E /* Debug */ = {
			isa = XCBuildConfiguration;
			baseConfigurationReference = CA3E7135F19AE7E2F0B55E1E /* Pods-loadImageView.debug.xcconfig */;
			buildSettings = {
				ASSETCATALOG_COMPILER_APPICON_NAME = AppIcon;
				DEVELOPMENT_TEAM = UTT4HQ4F3H;
				INFOPLIST_FILE = loadImageView/Info.plist;
				LD_RUNPATH_SEARCH_PATHS = "$(inherited) @executable_path/Frameworks";
				PRODUCT_BUNDLE_IDENTIFIER = com.lhl.loadImageView;
				PRODUCT_NAME = "$(TARGET_NAME)";
			};
			name = Debug;
		};
		F2654D061D9810BC00CC746E /* Release */ = {
			isa = XCBuildConfiguration;
			baseConfigurationReference = F84C89B64F77381E202433B1 /* Pods-loadImageView.release.xcconfig */;
			buildSettings = {
				ASSETCATALOG_COMPILER_APPICON_NAME = AppIcon;
				DEVELOPMENT_TEAM = UTT4HQ4F3H;
				INFOPLIST_FILE = loadImageView/Info.plist;
				LD_RUNPATH_SEARCH_PATHS = "$(inherited) @executable_path/Frameworks";
				PRODUCT_BUNDLE_IDENTIFIER = com.lhl.loadImageView;
				PRODUCT_NAME = "$(TARGET_NAME)";
			};
			name = Release;
		};
/* End XCBuildConfiguration section */

/* Begin XCConfigurationList section */
		F2654CE81D9810BC00CC746E /* Build configuration list for PBXProject "loadImageView" */ = {
			isa = XCConfigurationList;
			buildConfigurations = (
				F2654D021D9810BC00CC746E /* Debug */,
				F2654D031D9810BC00CC746E /* Release */,
			);
			defaultConfigurationIsVisible = 0;
			defaultConfigurationName = Release;
		};
		F2654D041D9810BC00CC746E /* Build configuration list for PBXNativeTarget "loadImageView" */ = {
			isa = XCConfigurationList;
			buildConfigurations = (
				F2654D051D9810BC00CC746E /* Debug */,
				F2654D061D9810BC00CC746E /* Release */,
			);
			defaultConfigurationIsVisible = 0;
			defaultConfigurationName = Release;
		};
/* End XCConfigurationList section */
	};
	rootObject = F2654CE51D9810BC00CC746E /* Project object */;
}
